{
  "requires": true,
  "lockfileVersion": 1,
  "dependencies": {
    "@growthbunker/vuedarkmode": {
      "version": "0.5.27",
      "resolved": "https://registry.npmjs.org/@growthbunker/vuedarkmode/-/vuedarkmode-0.5.27.tgz",
      "integrity": "sha512-LouSxO7tf35eK4qCTAsJocudzwdZreCdC/RMpfSVWfFk4LqgwKEx7+C8t8lxFOtVcWgM9dsy4jPdVAAof8qzMg==",
      "requires": {
        "v-click-outside": "2.1.4",
        "v-hotkey": "0.6.0",
        "vee-validate": "3.2.0"
      }
    },
    "v-click-outside": {
      "version": "2.1.4",
      "resolved": "https://registry.npmjs.org/v-click-outside/-/v-click-outside-2.1.4.tgz",
      "integrity": "sha512-NbQiwRjJjeKptI1qr1co2Ox44fUWEnj08chR1nw3DVrNCQHjb+sqlevzb1zCXMgb7orTFE0wpiecqMlbOZ15EQ=="
    },
    "v-hotkey": {
      "version": "0.6.0",
      "resolved": "https://registry.npmjs.org/v-hotkey/-/v-hotkey-0.6.0.tgz",
      "integrity": "sha512-HsIQa8L5aWB9aJDuHGbCTfIZk5nT7891wtvxUoF3AjT/+Pb7nu3DfhIyO4Vz0jRP8faOJpQn2NkATXAg6hNckA=="
    },
    "vee-validate": {
      "version": "3.2.0",
      "resolved": "https://registry.npmjs.org/vee-validate/-/vee-validate-3.2.0.tgz",
      "integrity": "sha512-gyC4rRl+NkG9spF9kQW85JPSCUpdd0ik5VqrfgZ4IXLCtY3xJY0xP6A+b4FUfLJZ+nAG+dClKTCsm/AeJTtVcQ=="
    }
  }
}
